
Microsoft Visual Studio Solution File, Format Version 12.00
# Visual Studio Version 17
VisualStudioVersion = 17.13.35931.197
MinimumVisualStudioVersion = 10.0.40219.1
Project("{FAE04EC0-301F-11D3-BF4B-00C04F79EFBC}") = "LorenaTest", "LorenaTest\LorenaTest.csproj", "{EBC1FD82-3101-4BD2-BE83-CE949DED88B3}"
EndProject
Project("{FAE04EC0-301F-11D3-BF4B-00C04F79EFBC}") = "NUnit test", "NUnit test\NUnit test.csproj", "{C0D40E7E-D7BC-4925-BE82-FDFAE460A053}"
EndProject
Project("{2150E333-8FDC-42A3-9474-1A3956D46DE8}") = "Элементы решения", "Элементы решения", "{754FC069-D67B-A9D7-50A1-8D1CA196D8F1}"
	ProjectSection(SolutionItems) = preProject
		TextFile1.txt = TextFile1.txt
	EndProjectSection
EndProject
Global
	GlobalSection(SolutionConfigurationPlatforms) = preSolution
		Debug|Any CPU = Debug|Any CPU
		Release|Any CPU = Release|Any CPU
	EndGlobalSection
	GlobalSection(ProjectConfigurationPlatforms) = postSolution
		{EBC1FD82-3101-4BD2-BE83-CE949DED88B3}.Debug|Any CPU.ActiveCfg = Debug|Any CPU
		{EBC1FD82-3101-4BD2-BE83-CE949DED88B3}.Debug|Any CPU.Build.0 = Debug|Any CPU
		{EBC1FD82-3101-4BD2-BE83-CE949DED88B3}.Release|Any CPU.ActiveCfg = Release|Any CPU
		{EBC1FD82-3101-4BD2-BE83-CE949DED88B3}.Release|Any CPU.Build.0 = Release|Any CPU
		{C0D40E7E-D7BC-4925-BE82-FDFAE460A053}.Debug|Any CPU.ActiveCfg = Debug|Any CPU
		{C0D40E7E-D7BC-4925-BE82-FDFAE460A053}.Debug|Any CPU.Build.0 = Debug|Any CPU
		{C0D40E7E-D7BC-4925-BE82-FDFAE460A053}.Release|Any CPU.ActiveCfg = Release|Any CPU
		{C0D40E7E-D7BC-4925-BE82-FDFAE460A053}.Release|Any CPU.Build.0 = Release|Any CPU
	EndGlobalSection
	GlobalSection(SolutionProperties) = preSolution
		HideSolutionNode = FALSE
	EndGlobalSection
	GlobalSection(ExtensibilityGlobals) = postSolution
		SolutionGuid = {093186EB-1B95-4CC0-B2D5-CFC12816B32C}
	EndGlobalSection
EndGlobal
